
Microsoft Visual Studio Solution File, Format Version 12.00
# Visual Studio Version 17
VisualStudioVersion = 17.6.33617.297
MinimumVisualStudioVersion = 10.0.40219.1
Project("{9A19103F-16F7-4668-BE54-9A1E7A4F7556}") = "PGCG.commonItems.SourceGenerators", "PGCG.commonItems.SourceGenerators\PGCG.commonItems.SourceGenerators.csproj", "{498A2FD6-568D-48F9-82E8-CBD9E7B835B6}"
EndProject
Global
	GlobalSection(SolutionConfigurationPlatforms) = preSolution
		Debug|Any CPU = Debug|Any CPU
		Release|Any CPU = Release|Any CPU
	EndGlobalSection
	GlobalSection(ProjectConfigurationPlatforms) = postSolution
		{498A2FD6-568D-48F9-82E8-CBD9E7B835B6}.Debug|Any CPU.ActiveCfg = Debug|Any CPU
		{498A2FD6-568D-48F9-82E8-CBD9E7B835B6}.Debug|Any CPU.Build.0 = Debug|Any CPU
		{498A2FD6-568D-48F9-82E8-CBD9E7B835B6}.Release|Any CPU.ActiveCfg = Release|Any CPU
		{498A2FD6-568D-48F9-82E8-CBD9E7B835B6}.Release|Any CPU.Build.0 = Release|Any CPU
	EndGlobalSection
	GlobalSection(SolutionProperties) = preSolution
		HideSolutionNode = FALSE
	EndGlobalSection
	GlobalSection(ExtensibilityGlobals) = postSolution
		SolutionGuid = {210DC3A4-2BE9-4E77-B770-ED11D1B8FE08}
	EndGlobalSection
EndGlobal
